// !$*UTF8*$!
{
	archiveVersion = 1;
	classes = {
	};
	objectVersion = 50;
	objects = {

/* Begin PBXBuildFile section */
		C03BC0DD2860ECA70040079A /* OnboardingViewController.swift in Sources */ = {isa = PBXBuildFile; fileRef = C03BC0DC2860ECA70040079A /* OnboardingViewController.swift */; };
		C03BC0E12860F0910040079A /* UIViewExtension.swift in Sources */ = {isa = PBXBuildFile; fileRef = C03BC0E02860F0910040079A /* UIViewExtension.swift */; };
		C03BC0E42860F18F0040079A /* OnboardingSlide.swift in Sources */ = {isa = PBXBuildFile; fileRef = C03BC0E32860F18F0040079A /* OnboardingSlide.swift */; };
		C03BC0EC2860F4B30040079A /* OnboardingCollectionViewCell.swift in Sources */ = {isa = PBXBuildFile; fileRef = C03BC0EB2860F4B30040079A /* OnboardingCollectionViewCell.swift */; };
		C03BE7F9285A6CCD004EAFFC /* TopDish.swift in Sources */ = {isa = PBXBuildFile; fileRef = C03BE7F8285A6CCD004EAFFC /* TopDish.swift */; };
		C03BE807285E6331004EAFFC /* News.swift in Sources */ = {isa = PBXBuildFile; fileRef = C03BE806285E6331004EAFFC /* News.swift */; };
		C03BE80B285E82AC004EAFFC /* Notification.swift in Sources */ = {isa = PBXBuildFile; fileRef = C03BE80A285E82AC004EAFFC /* Notification.swift */; };
		C03BE80E285E9328004EAFFC /* TopDishesTableViewController.swift in Sources */ = {isa = PBXBuildFile; fileRef = C03BE80D285E9328004EAFFC /* TopDishesTableViewController.swift */; };
		C03BE811285F1C95004EAFFC /* TopTableViewCell.swift in Sources */ = {isa = PBXBuildFile; fileRef = C03BE810285F1C95004EAFFC /* TopTableViewCell.swift */; };
		C03DFCAD28550A4C00F97010 /* CategoryItems.swift in Sources */ = {isa = PBXBuildFile; fileRef = C03DFCAC28550A4C00F97010 /* CategoryItems.swift */; };
		C03DFCB2285517FD00F97010 /* CartTableViewController.swift in Sources */ = {isa = PBXBuildFile; fileRef = C03DFCB1285517FD00F97010 /* CartTableViewController.swift */; };
		C03DFCB8285519BD00F97010 /* TopDishesTableViewCell.swift in Sources */ = {isa = PBXBuildFile; fileRef = C03DFCB7285519BD00F97010 /* TopDishesTableViewCell.swift */; };
		C03DFCBB285519CE00F97010 /* NewsTableViewCell.swift in Sources */ = {isa = PBXBuildFile; fileRef = C03DFCBA285519CE00F97010 /* NewsTableViewCell.swift */; };
		C03DFCC42855298F00F97010 /* TopDishesCollectionViewCell.swift in Sources */ = {isa = PBXBuildFile; fileRef = C03DFCC32855298F00F97010 /* TopDishesCollectionViewCell.swift */; };
		C03DFCC82855299F00F97010 /* NewsCollectionViewCell.swift in Sources */ = {isa = PBXBuildFile; fileRef = C03DFCC72855299F00F97010 /* NewsCollectionViewCell.swift */; };
		C03DFCCB2855323400F97010 /* MapViewController.swift in Sources */ = {isa = PBXBuildFile; fileRef = C03DFCCA2855323400F97010 /* MapViewController.swift */; };
		C03DFCD22855586400F97010 /* InfoViewController.swift in Sources */ = {isa = PBXBuildFile; fileRef = C03DFCD12855586400F97010 /* InfoViewController.swift */; };
		C0AABD5928549FB2000ABD3D /* AppDelegate.swift in Sources */ = {isa = PBXBuildFile; fileRef = C0AABD5828549FB2000ABD3D /* AppDelegate.swift */; };
		C0AABD5B28549FB2000ABD3D /* SceneDelegate.swift in Sources */ = {isa = PBXBuildFile; fileRef = C0AABD5A28549FB2000ABD3D /* SceneDelegate.swift */; };
		C0AABD5D28549FB2000ABD3D /* MenuViewController.swift in Sources */ = {isa = PBXBuildFile; fileRef = C0AABD5C28549FB2000ABD3D /* MenuViewController.swift */; };
		C0AABD6028549FB2000ABD3D /* Main.storyboard in Resources */ = {isa = PBXBuildFile; fileRef = C0AABD5E28549FB2000ABD3D /* Main.storyboard */; };
		C0AABD6228549FB5000ABD3D /* Assets.xcassets in Resources */ = {isa = PBXBuildFile; fileRef = C0AABD6128549FB5000ABD3D /* Assets.xcassets */; };
		C0AABD6528549FB5000ABD3D /* LaunchScreen.storyboard in Resources */ = {isa = PBXBuildFile; fileRef = C0AABD6328549FB5000ABD3D /* LaunchScreen.storyboard */; };
		C0AABD722854A301000ABD3D /* TableViewCell.swift in Sources */ = {isa = PBXBuildFile; fileRef = C0AABD712854A301000ABD3D /* TableViewCell.swift */; };
		C0AABD9F2854D89C000ABD3D /* Category.swift in Sources */ = {isa = PBXBuildFile; fileRef = C0AABD9E2854D89C000ABD3D /* Category.swift */; };
		C0AABDAA2854E56A000ABD3D /* MainTableViewController.swift in Sources */ = {isa = PBXBuildFile; fileRef = C0AABDA92854E56A000ABD3D /* MainTableViewController.swift */; };
		C0AABDAE2854E78B000ABD3D /* MenuItemTableViewController.swift in Sources */ = {isa = PBXBuildFile; fileRef = C0AABDAD2854E78B000ABD3D /* MenuItemTableViewController.swift */; };
		C0AABDB72854E839000ABD3D /* MenuItemTableViewCell.swift in Sources */ = {isa = PBXBuildFile; fileRef = C0AABDB62854E839000ABD3D /* MenuItemTableViewCell.swift */; };
/* End PBXBuildFile section */

/* Begin PBXFileReference section */
		C03BC0DC2860ECA70040079A /* OnboardingViewController.swift */ = {isa = PBXFileReference; lastKnownFileType = sourcecode.swift; path = OnboardingViewController.swift; sourceTree = "<group>"; };
		C03BC0E02860F0910040079A /* UIViewExtension.swift */ = {isa = PBXFileReference; lastKnownFileType = sourcecode.swift; path = UIViewExtension.swift; sourceTree = "<group>"; };
		C03BC0E32860F18F0040079A /* OnboardingSlide.swift */ = {isa = PBXFileReference; lastKnownFileType = sourcecode.swift; path = OnboardingSlide.swift; sourceTree = "<group>"; };
		C03BC0EB2860F4B30040079A /* OnboardingCollectionViewCell.swift */ = {isa = PBXFileReference; lastKnownFileType = sourcecode.swift; path = OnboardingCollectionViewCell.swift; sourceTree = "<group>"; };
		C03BE7F8285A6CCD004EAFFC /* TopDish.swift */ = {isa = PBXFileReference; lastKnownFileType = sourcecode.swift; path = TopDish.swift; sourceTree = "<group>"; };
		C03BE806285E6331004EAFFC /* News.swift */ = {isa = PBXFileReference; lastKnownFileType = sourcecode.swift; path = News.swift; sourceTree = "<group>"; };
		C03BE80A285E82AC004EAFFC /* Notification.swift */ = {isa = PBXFileReference; lastKnownFileType = sourcecode.swift; path = Notification.swift; sourceTree = "<group>"; };
		C03BE80D285E9328004EAFFC /* TopDishesTableViewController.swift */ = {isa = PBXFileReference; lastKnownFileType = sourcecode.swift; path = TopDishesTableViewController.swift; sourceTree = "<group>"; };
		C03BE810285F1C95004EAFFC /* TopTableViewCell.swift */ = {isa = PBXFileReference; lastKnownFileType = sourcecode.swift; path = TopTableViewCell.swift; sourceTree = "<group>"; };
		C03DFCAC28550A4C00F97010 /* CategoryItems.swift */ = {isa = PBXFileReference; lastKnownFileType = sourcecode.swift; path = CategoryItems.swift; sourceTree = "<group>"; };
		C03DFCB1285517FD00F97010 /* CartTableViewController.swift */ = {isa = PBXFileReference; lastKnownFileType = sourcecode.swift; path = CartTableViewController.swift; sourceTree = "<group>"; };
		C03DFCB7285519BD00F97010 /* TopDishesTableViewCell.swift */ = {isa = PBXFileReference; lastKnownFileType = sourcecode.swift; path = TopDishesTableViewCell.swift; sourceTree = "<group>"; };
		C03DFCBA285519CE00F97010 /* NewsTableViewCell.swift */ = {isa = PBXFileReference; lastKnownFileType = sourcecode.swift; path = NewsTableViewCell.swift; sourceTree = "<group>"; };
		C03DFCC32855298F00F97010 /* TopDishesCollectionViewCell.swift */ = {isa = PBXFileReference; lastKnownFileType = sourcecode.swift; path = TopDishesCollectionViewCell.swift; sourceTree = "<group>"; };
		C03DFCC72855299F00F97010 /* NewsCollectionViewCell.swift */ = {isa = PBXFileReference; lastKnownFileType = sourcecode.swift; path = NewsCollectionViewCell.swift; sourceTree = "<group>"; };
		C03DFCCA2855323400F97010 /* MapViewController.swift */ = {isa = PBXFileReference; lastKnownFileType = sourcecode.swift; path = MapViewController.swift; sourceTree = "<group>"; };
		C03DFCD12855586400F97010 /* InfoViewController.swift */ = {isa = PBXFileReference; lastKnownFileType = sourcecode.swift; path = InfoViewController.swift; sourceTree = "<group>"; };
		C0AABD5528549FB2000ABD3D /* Menu.app */ = {isa = PBXFileReference; explicitFileType = wrapper.application; includeInIndex = 0; path = Menu.app; sourceTree = BUILT_PRODUCTS_DIR; };
		C0AABD5828549FB2000ABD3D /* AppDelegate.swift */ = {isa = PBXFileReference; lastKnownFileType = sourcecode.swift; path = AppDelegate.swift; sourceTree = "<group>"; };
		C0AABD5A28549FB2000ABD3D /* SceneDelegate.swift */ = {isa = PBXFileReference; lastKnownFileType = sourcecode.swift; path = SceneDelegate.swift; sourceTree = "<group>"; };
		C0AABD5C28549FB2000ABD3D /* MenuViewController.swift */ = {isa = PBXFileReference; lastKnownFileType = sourcecode.swift; path = MenuViewController.swift; sourceTree = "<group>"; };
		C0AABD5F28549FB2000ABD3D /* Base */ = {isa = PBXFileReference; lastKnownFileType = file.storyboard; name = Base; path = Base.lproj/Main.storyboard; sourceTree = "<group>"; };
		C0AABD6128549FB5000ABD3D /* Assets.xcassets */ = {isa = PBXFileReference; lastKnownFileType = folder.assetcatalog; path = Assets.xcassets; sourceTree = "<group>"; };
		C0AABD6428549FB5000ABD3D /* Base */ = {isa = PBXFileReference; lastKnownFileType = file.storyboard; name = Base; path = Base.lproj/LaunchScreen.storyboard; sourceTree = "<group>"; };
		C0AABD6628549FB5000ABD3D /* Info.plist */ = {isa = PBXFileReference; lastKnownFileType = text.plist.xml; path = Info.plist; sourceTree = "<group>"; };
		C0AABD712854A301000ABD3D /* TableViewCell.swift */ = {isa = PBXFileReference; lastKnownFileType = sourcecode.swift; path = TableViewCell.swift; sourceTree = "<group>"; };
		C0AABD9E2854D89C000ABD3D /* Category.swift */ = {isa = PBXFileReference; lastKnownFileType = sourcecode.swift; path = Category.swift; sourceTree = "<group>"; };
		C0AABDA92854E56A000ABD3D /* MainTableViewController.swift */ = {isa = PBXFileReference; lastKnownFileType = sourcecode.swift; path = MainTableViewController.swift; sourceTree = "<group>"; };
		C0AABDAD2854E78B000ABD3D /* MenuItemTableViewController.swift */ = {isa = PBXFileReference; lastKnownFileType = sourcecode.swift; path = MenuItemTableViewController.swift; sourceTree = "<group>"; };
		C0AABDB62854E839000ABD3D /* MenuItemTableViewCell.swift */ = {isa = PBXFileReference; lastKnownFileType = sourcecode.swift; path = MenuItemTableViewCell.swift; sourceTree = "<group>"; };
/* End PBXFileReference section */

/* Begin PBXFrameworksBuildPhase section */
		C0AABD5228549FB2000ABD3D /* Frameworks */ = {
			isa = PBXFrameworksBuildPhase;
			buildActionMask = 2147483647;
			files = (
			);
			runOnlyForDeploymentPostprocessing = 0;
		};
/* End PBXFrameworksBuildPhase section */

/* Begin PBXGroup section */
		C03BC0D92860EC380040079A /* Views */ = {
			isa = PBXGroup;
			children = (
				C03BC0DB2860EC860040079A /* Onboarding */,
			);
			path = Views;
			sourceTree = "<group>";
		};
		C03BC0DA2860EC540040079A /* OB Models */ = {
			isa = PBXGroup;
			children = (
				C03BC0E32860F18F0040079A /* OnboardingSlide.swift */,
			);
			path = "OB Models";
			sourceTree = "<group>";
		};
		C03BC0DB2860EC860040079A /* Onboarding */ = {
			isa = PBXGroup;
			children = (
				C03BC0DC2860ECA70040079A /* OnboardingViewController.swift */,
				C03BC0EB2860F4B30040079A /* OnboardingCollectionViewCell.swift */,
			);
			path = Onboarding;
			sourceTree = "<group>";
		};
		C03BE809285E8292004EAFFC /* Extensions */ = {
			isa = PBXGroup;
			children = (
				C03BE80A285E82AC004EAFFC /* Notification.swift */,
				C03BC0E02860F0910040079A /* UIViewExtension.swift */,
			);
			path = Extensions;
			sourceTree = "<group>";
		};
		C03DFCC22855295900F97010 /* CollectionViewCell */ = {
			isa = PBXGroup;
			children = (
				C03DFCC32855298F00F97010 /* TopDishesCollectionViewCell.swift */,
				C03DFCC72855299F00F97010 /* NewsCollectionViewCell.swift */,
			);
			path = CollectionViewCell;
			sourceTree = "<group>";
		};
		C03DFCCF285542A800F97010 /* Models */ = {
			isa = PBXGroup;
			children = (
				C03DFCAC28550A4C00F97010 /* CategoryItems.swift */,
				C0AABD9E2854D89C000ABD3D /* Category.swift */,
				C03BE7F8285A6CCD004EAFFC /* TopDish.swift */,
				C03BE806285E6331004EAFFC /* News.swift */,
			);
			path = Models;
			sourceTree = "<group>";
		};
		C0AABD4C28549FB2000ABD3D = {
			isa = PBXGroup;
			children = (
				C0AABD5728549FB2000ABD3D /* Menu */,
				C0AABD5628549FB2000ABD3D /* Products */,
			);
			sourceTree = "<group>";
		};
		C0AABD5628549FB2000ABD3D /* Products */ = {
			isa = PBXGroup;
			children = (
				C0AABD5528549FB2000ABD3D /* Menu.app */,
			);
			name = Products;
			sourceTree = "<group>";
		};
		C0AABD5728549FB2000ABD3D /* Menu */ = {
			isa = PBXGroup;
			children = (
				C03BC0D92860EC380040079A /* Views */,
				C03BC0DA2860EC540040079A /* OB Models */,
				C03BE809285E8292004EAFFC /* Extensions */,
				C03DFCC22855295900F97010 /* CollectionViewCell */,
				C0AABD742854A4A3000ABD3D /* TableViewCell */,
				C03DFCCF285542A800F97010 /* Models */,
				C0AABDA42854DEA0000ABD3D /* Controllers */,
				C0AABD5828549FB2000ABD3D /* AppDelegate.swift */,
				C0AABD5A28549FB2000ABD3D /* SceneDelegate.swift */,
				C0AABD5E28549FB2000ABD3D /* Main.storyboard */,
				C0AABD6128549FB5000ABD3D /* Assets.xcassets */,
				C0AABD6328549FB5000ABD3D /* LaunchScreen.storyboard */,
				C0AABD6628549FB5000ABD3D /* Info.plist */,
			);
			path = Menu;
			sourceTree = "<group>";
		};
		C0AABD742854A4A3000ABD3D /* TableViewCell */ = {
			isa = PBXGroup;
			children = (
				C03DFCB7285519BD00F97010 /* TopDishesTableViewCell.swift */,
				C03BE810285F1C95004EAFFC /* TopTableViewCell.swift */,
				C03DFCBA285519CE00F97010 /* NewsTableViewCell.swift */,
				C0AABD712854A301000ABD3D /* TableViewCell.swift */,
				C0AABDB62854E839000ABD3D /* MenuItemTableViewCell.swift */,
			);
			path = TableViewCell;
			sourceTree = "<group>";
		};
		C0AABDA42854DEA0000ABD3D /* Controllers */ = {
			isa = PBXGroup;
			children = (
				C0AABDA92854E56A000ABD3D /* MainTableViewController.swift */,
				C0AABD5C28549FB2000ABD3D /* MenuViewController.swift */,
				C0AABDAD2854E78B000ABD3D /* MenuItemTableViewController.swift */,
				C03DFCD12855586400F97010 /* InfoViewController.swift */,
				C03DFCCA2855323400F97010 /* MapViewController.swift */,
				C03BE80D285E9328004EAFFC /* TopDishesTableViewController.swift */,
				C03DFCB1285517FD00F97010 /* CartTableViewController.swift */,
			);
			path = Controllers;
			sourceTree = "<group>";
		};
/* End PBXGroup section */

/* Begin PBXNativeTarget section */
		C0AABD5428549FB2000ABD3D /* Menu */ = {
			isa = PBXNativeTarget;
			buildConfigurationList = C0AABD6928549FB5000ABD3D /* Build configuration list for PBXNativeTarget "Menu" */;
			buildPhases = (
				C0AABD5128549FB2000ABD3D /* Sources */,
				C0AABD5228549FB2000ABD3D /* Frameworks */,
				C0AABD5328549FB2000ABD3D /* Resources */,
			);
			buildRules = (
			);
			dependencies = (
			);
			name = Menu;
			productName = Menu;
			productReference = C0AABD5528549FB2000ABD3D /* Menu.app */;
			productType = "com.apple.product-type.application";
		};
/* End PBXNativeTarget section */

/* Begin PBXProject section */
		C0AABD4D28549FB2000ABD3D /* Project object */ = {
			isa = PBXProject;
			attributes = {
				LastSwiftUpdateCheck = 1240;
				LastUpgradeCheck = 1240;
				TargetAttributes = {
					C0AABD5428549FB2000ABD3D = {
						CreatedOnToolsVersion = 12.4;
					};
				};
			};
			buildConfigurationList = C0AABD5028549FB2000ABD3D /* Build configuration list for PBXProject "Menu" */;
			compatibilityVersion = "Xcode 9.3";
			developmentRegion = en;
			hasScannedForEncodings = 0;
			knownRegions = (
				en,
				Base,
			);
			mainGroup = C0AABD4C28549FB2000ABD3D;
			productRefGroup = C0AABD5628549FB2000ABD3D /* Products */;
			projectDirPath = "";
			projectRoot = "";
			targets = (
				C0AABD5428549FB2000ABD3D /* Menu */,
			);
		};
/* End PBXProject section */

/* Begin PBXResourcesBuildPhase section */
		C0AABD5328549FB2000ABD3D /* Resources */ = {
			isa = PBXResourcesBuildPhase;
			buildActionMask = 2147483647;
			files = (
				C0AABD6528549FB5000ABD3D /* LaunchScreen.storyboard in Resources */,
				C0AABD6228549FB5000ABD3D /* Assets.xcassets in Resources */,
				C0AABD6028549FB2000ABD3D /* Main.storyboard in Resources */,
			);
			runOnlyForDeploymentPostprocessing = 0;
		};
/* End PBXResourcesBuildPhase section */

/* Begin PBXSourcesBuildPhase section */
		C0AABD5128549FB2000ABD3D /* Sources */ = {
			isa = PBXSourcesBuildPhase;
			buildActionMask = 2147483647;
			files = (
				C03DFCC42855298F00F97010 /* TopDishesCollectionViewCell.swift in Sources */,
				C03DFCAD28550A4C00F97010 /* CategoryItems.swift in Sources */,
				C03DFCB2285517FD00F97010 /* CartTableViewController.swift in Sources */,
				C0AABD5D28549FB2000ABD3D /* MenuViewController.swift in Sources */,
				C03BC0E42860F18F0040079A /* OnboardingSlide.swift in Sources */,
				C03BC0DD2860ECA70040079A /* OnboardingViewController.swift in Sources */,
				C03DFCC82855299F00F97010 /* NewsCollectionViewCell.swift in Sources */,
				C03DFCBB285519CE00F97010 /* NewsTableViewCell.swift in Sources */,
				C0AABD722854A301000ABD3D /* TableViewCell.swift in Sources */,
				C03BE80E285E9328004EAFFC /* TopDishesTableViewController.swift in Sources */,
				C0AABDB72854E839000ABD3D /* MenuItemTableViewCell.swift in Sources */,
				C03DFCD22855586400F97010 /* InfoViewController.swift in Sources */,
				C03BC0EC2860F4B30040079A /* OnboardingCollectionViewCell.swift in Sources */,
				C0AABD5928549FB2000ABD3D /* AppDelegate.swift in Sources */,
				C0AABD5B28549FB2000ABD3D /* SceneDelegate.swift in Sources */,
				C0AABDAE2854E78B000ABD3D /* MenuItemTableViewController.swift in Sources */,
				C03BE80B285E82AC004EAFFC /* Notification.swift in Sources */,
				C03BE807285E6331004EAFFC /* News.swift in Sources */,
				C03DFCB8285519BD00F97010 /* TopDishesTableViewCell.swift in Sources */,
				C0AABD9F2854D89C000ABD3D /* Category.swift in Sources */,
				C0AABDAA2854E56A000ABD3D /* MainTableViewController.swift in Sources */,
				C03BC0E12860F0910040079A /* UIViewExtension.swift in Sources */,
				C03DFCCB2855323400F97010 /* MapViewController.swift in Sources */,
				C03BE7F9285A6CCD004EAFFC /* TopDish.swift in Sources */,
				C03BE811285F1C95004EAFFC /* TopTableViewCell.swift in Sources */,
			);
			runOnlyForDeploymentPostprocessing = 0;
		};
/* End PBXSourcesBuildPhase section */

/* Begin PBXVariantGroup section */
		C0AABD5E28549FB2000ABD3D /* Main.storyboard */ = {
			isa = PBXVariantGroup;
			children = (
				C0AABD5F28549FB2000ABD3D /* Base */,
			);
			name = Main.storyboard;
			sourceTree = "<group>";
		};
		C0AABD6328549FB5000ABD3D /* LaunchScreen.storyboard */ = {
			isa = PBXVariantGroup;
			children = (
				C0AABD6428549FB5000ABD3D /* Base */,
			);
			name = LaunchScreen.storyboard;
			sourceTree = "<group>";
		};
/* End PBXVariantGroup section */

/* Begin XCBuildConfiguration section */
		C0AABD6728549FB5000ABD3D /* Debug */ = {
			isa = XCBuildConfiguration;
			buildSettings = {
				ALWAYS_SEARCH_USER_PATHS = NO;
				CLANG_ANALYZER_NONNULL = YES;
				CLANG_ANALYZER_NUMBER_OBJECT_CONVERSION = YES_AGGRESSIVE;
				CLANG_CXX_LANGUAGE_STANDARD = "gnu++14";
				CLANG_CXX_LIBRARY = "libc++";
				CLANG_ENABLE_MODULES = YES;
				CLANG_ENABLE_OBJC_ARC = YES;
				CLANG_ENABLE_OBJC_WEAK = YES;
				CLANG_WARN_BLOCK_CAPTURE_AUTORELEASING = YES;
				CLANG_WARN_BOOL_CONVERSION = YES;
				CLANG_WARN_COMMA = YES;
				CLANG_WARN_CONSTANT_CONVERSION = YES;
				CLANG_WARN_DEPRECATED_OBJC_IMPLEMENTATIONS = YES;
				CLANG_WARN_DIRECT_OBJC_ISA_USAGE = YES_ERROR;
				CLANG_WARN_DOCUMENTATION_COMMENTS = YES;
				CLANG_WARN_EMPTY_BODY = YES;
				CLANG_WARN_ENUM_CONVERSION = YES;
				CLANG_WARN_INFINITE_RECURSION = YES;
				CLANG_WARN_INT_CONVERSION = YES;
				CLANG_WARN_NON_LITERAL_NULL_CONVERSION = YES;
				CLANG_WARN_OBJC_IMPLICIT_RETAIN_SELF = YES;
				CLANG_WARN_OBJC_LITERAL_CONVERSION = YES;
				CLANG_WARN_OBJC_ROOT_CLASS = YES_ERROR;
				CLANG_WARN_QUOTED_INCLUDE_IN_FRAMEWORK_HEADER = YES;
				CLANG_WARN_RANGE_LOOP_ANALYSIS = YES;
				CLANG_WARN_STRICT_PROTOTYPES = YES;
				CLANG_WARN_SUSPICIOUS_MOVE = YES;
				CLANG_WARN_UNGUARDED_AVAILABILITY = YES_AGGRESSIVE;
				CLANG_WARN_UNREACHABLE_CODE = YES;
				CLANG_WARN__DUPLICATE_METHOD_MATCH = YES;
				COPY_PHASE_STRIP = NO;
				DEBUG_INFORMATION_FORMAT = dwarf;
				ENABLE_STRICT_OBJC_MSGSEND = YES;
				ENABLE_TESTABILITY = YES;
				GCC_C_LANGUAGE_STANDARD = gnu11;
				GCC_DYNAMIC_NO_PIC = NO;
				GCC_NO_COMMON_BLOCKS = YES;
				GCC_OPTIMIZATION_LEVEL = 0;
				GCC_PREPROCESSOR_DEFINITIONS = (
					"DEBUG=1",
					"$(inherited)",
				);
				GCC_WARN_64_TO_32_BIT_CONVERSION = YES;
				GCC_WARN_ABOUT_RETURN_TYPE = YES_ERROR;
				GCC_WARN_UNDECLARED_SELECTOR = YES;
				GCC_WARN_UNINITIALIZED_AUTOS = YES_AGGRESSIVE;
				GCC_WARN_UNUSED_FUNCTION = YES;
				GCC_WARN_UNUSED_VARIABLE = YES;
				IPHONEOS_DEPLOYMENT_TARGET = 14.4;
				MTL_ENABLE_DEBUG_INFO = INCLUDE_SOURCE;
				MTL_FAST_MATH = YES;
				ONLY_ACTIVE_ARCH = YES;
				SDKROOT = iphoneos;
				SWIFT_ACTIVE_COMPILATION_CONDITIONS = DEBUG;
				SWIFT_OPTIMIZATION_LEVEL = "-Onone";
			};
			name = Debug;
		};
		C0AABD6828549FB5000ABD3D /* Release */ = {
			isa = XCBuildConfiguration;
			buildSettings = {
				ALWAYS_SEARCH_USER_PATHS = NO;
				CLANG_ANALYZER_NONNULL = YES;
				CLANG_ANALYZER_NUMBER_OBJECT_CONVERSION = YES_AGGRESSIVE;
				CLANG_CXX_LANGUAGE_STANDARD = "gnu++14";
				CLANG_CXX_LIBRARY = "libc++";
				CLANG_ENABLE_MODULES = YES;
				CLANG_ENABLE_OBJC_ARC = YES;
				CLANG_ENABLE_OBJC_WEAK = YES;
				CLANG_WARN_BLOCK_CAPTURE_AUTORELEASING = YES;
				CLANG_WARN_BOOL_CONVERSION = YES;
				CLANG_WARN_COMMA = YES;
				CLANG_WARN_CONSTANT_CONVERSION = YES;
				CLANG_WARN_DEPRECATED_OBJC_IMPLEMENTATIONS = YES;
				CLANG_WARN_DIRECT_OBJC_ISA_USAGE = YES_ERROR;
				CLANG_WARN_DOCUMENTATION_COMMENTS = YES;
				CLANG_WARN_EMPTY_BODY = YES;
				CLANG_WARN_ENUM_CONVERSION = YES;
				CLANG_WARN_INFINITE_RECURSION = YES;
				CLANG_WARN_INT_CONVERSION = YES;
				CLANG_WARN_NON_LITERAL_NULL_CONVERSION = YES;
				CLANG_WARN_OBJC_IMPLICIT_RETAIN_SELF = YES;
				CLANG_WARN_OBJC_LITERAL_CONVERSION = YES;
				CLANG_WARN_OBJC_ROOT_CLASS = YES_ERROR;
				CLANG_WARN_QUOTED_INCLUDE_IN_FRAMEWORK_HEADER = YES;
				CLANG_WARN_RANGE_LOOP_ANALYSIS = YES;
				CLANG_WARN_STRICT_PROTOTYPES = YES;
				CLANG_WARN_SUSPICIOUS_MOVE = YES;
				CLANG_WARN_UNGUARDED_AVAILABILITY = YES_AGGRESSIVE;
				CLANG_WARN_UNREACHABLE_CODE = YES;
				CLANG_WARN__DUPLICATE_METHOD_MATCH = YES;
				COPY_PHASE_STRIP = NO;
				DEBUG_INFORMATION_FORMAT = "dwarf-with-dsym";
				ENABLE_NS_ASSERTIONS = NO;
				ENABLE_STRICT_OBJC_MSGSEND = YES;
				GCC_C_LANGUAGE_STANDARD = gnu11;
				GCC_NO_COMMON_BLOCKS = YES;
				GCC_WARN_64_TO_32_BIT_CONVERSION = YES;
				GCC_WARN_ABOUT_RETURN_TYPE = YES_ERROR;
				GCC_WARN_UNDECLARED_SELECTOR = YES;
				GCC_WARN_UNINITIALIZED_AUTOS = YES_AGGRESSIVE;
				GCC_WARN_UNUSED_FUNCTION = YES;
				GCC_WARN_UNUSED_VARIABLE = YES;
				IPHONEOS_DEPLOYMENT_TARGET = 14.4;
				MTL_ENABLE_DEBUG_INFO = NO;
				MTL_FAST_MATH = YES;
				SDKROOT = iphoneos;
				SWIFT_COMPILATION_MODE = wholemodule;
				SWIFT_OPTIMIZATION_LEVEL = "-O";
				VALIDATE_PRODUCT = YES;
			};
			name = Release;
		};
		C0AABD6A28549FB5000ABD3D /* Debug */ = {
			isa = XCBuildConfiguration;
			buildSettings = {
				ASSETCATALOG_COMPILER_APPICON_NAME = AppIcon;
				ASSETCATALOG_COMPILER_GLOBAL_ACCENT_COLOR_NAME = AccentColor;
				CODE_SIGN_STYLE = Automatic;
				DEVELOPMENT_TEAM = 2AL9DVZTAB;
				INFOPLIST_FILE = Menu/Info.plist;
				LD_RUNPATH_SEARCH_PATHS = (
					"$(inherited)",
					"@executable_path/Frameworks",
				);
				PRODUCT_BUNDLE_IDENTIFIER = com.niginash.Menu;
				PRODUCT_NAME = "$(TARGET_NAME)";
				SWIFT_VERSION = 5.0;
				TARGETED_DEVICE_FAMILY = "1,2";
			};
			name = Debug;
		};
		C0AABD6B28549FB5000ABD3D /* Release */ = {
			isa = XCBuildConfiguration;
			buildSettings = {
				ASSETCATALOG_COMPILER_APPICON_NAME = AppIcon;
				ASSETCATALOG_COMPILER_GLOBAL_ACCENT_COLOR_NAME = AccentColor;
				CODE_SIGN_STYLE = Automatic;
				DEVELOPMENT_TEAM = 2AL9DVZTAB;
				INFOPLIST_FILE = Menu/Info.plist;
				LD_RUNPATH_SEARCH_PATHS = (
					"$(inherited)",
					"@executable_path/Frameworks",
				);
				PRODUCT_BUNDLE_IDENTIFIER = com.niginash.Menu;
				PRODUCT_NAME = "$(TARGET_NAME)";
				SWIFT_VERSION = 5.0;
				TARGETED_DEVICE_FAMILY = "1,2";
			};
			name = Release;
		};
/* End XCBuildConfiguration section */

/* Begin XCConfigurationList section */
		C0AABD5028549FB2000ABD3D /* Build configuration list for PBXProject "Menu" */ = {
			isa = XCConfigurationList;
			buildConfigurations = (
				C0AABD6728549FB5000ABD3D /* Debug */,
				C0AABD6828549FB5000ABD3D /* Release */,
			);
			defaultConfigurationIsVisible = 0;
			defaultConfigurationName = Release;
		};
		C0AABD6928549FB5000ABD3D /* Build configuration list for PBXNativeTarget "Menu" */ = {
			isa = XCConfigurationList;
			buildConfigurations = (
				C0AABD6A28549FB5000ABD3D /* Debug */,
				C0AABD6B28549FB5000ABD3D /* Release */,
			);
			defaultConfigurationIsVisible = 0;
			defaultConfigurationName = Release;
		};
/* End XCConfigurationList section */
	};
	rootObject = C0AABD4D28549FB2000ABD3D /* Project object */;
}
